
Microsoft Visual Studio Solution File, Format Version 12.00
# Visual Studio Version 17
VisualStudioVersion = 17.3.32825.248
MinimumVisualStudioVersion = 10.0.40219.1
Project("{FAE04EC0-301F-11D3-BF4B-00C04F79EFBC}") = "TestLinkTestRailMigrator", "TestLinkTestRailMigrator\TestLinkTestRailMigrator.csproj", "{B7E25D13-4FBF-4F78-9311-F665C5115D2F}"
EndProject
Global
	GlobalSection(SolutionConfigurationPlatforms) = preSolution
		Debug|Any CPU = Debug|Any CPU
		Release|Any CPU = Release|Any CPU
	EndGlobalSection
	GlobalSection(ProjectConfigurationPlatforms) = postSolution
		{B7E25D13-4FBF-4F78-9311-F665C5115D2F}.Debug|Any CPU.ActiveCfg = Debug|Any CPU
		{B7E25D13-4FBF-4F78-9311-F665C5115D2F}.Debug|Any CPU.Build.0 = Debug|Any CPU
		{B7E25D13-4FBF-4F78-9311-F665C5115D2F}.Release|Any CPU.ActiveCfg = Release|Any CPU
		{B7E25D13-4FBF-4F78-9311-F665C5115D2F}.Release|Any CPU.Build.0 = Release|Any CPU
	EndGlobalSection
	GlobalSection(SolutionProperties) = preSolution
		HideSolutionNode = FALSE
	EndGlobalSection
	GlobalSection(ExtensibilityGlobals) = postSolution
		SolutionGuid = {56F2EE71-FA7D-49E6-8C8B-EB1ED4D20E4B}
	EndGlobalSection
EndGlobal
